// !$*UTF8*$!
{
	archiveVersion = 1;
	classes = {
	};
	objectVersion = 55;
	objects = {

/* Begin PBXBuildFile section */
		20D317CB2859DB7600643CAC /* ServiceRequest.swift in Sources */ = {isa = PBXBuildFile; fileRef = 20D317C92859DB7600643CAC /* ServiceRequest.swift */; };
		20D317CC2859DB7600643CAC /* Environment.swift in Sources */ = {isa = PBXBuildFile; fileRef = 20D317CA2859DB7600643CAC /* Environment.swift */; };
		20E6FDC82858FFFE001A9711 /* AppDelegate.swift in Sources */ = {isa = PBXBuildFile; fileRef = 20E6FDC72858FFFE001A9711 /* AppDelegate.swift */; };
		20E6FDCA2858FFFE001A9711 /* SceneDelegate.swift in Sources */ = {isa = PBXBuildFile; fileRef = 20E6FDC92858FFFE001A9711 /* SceneDelegate.swift */; };
		20E6FDCC2858FFFE001A9711 /* ViewController.swift in Sources */ = {isa = PBXBuildFile; fileRef = 20E6FDCB2858FFFE001A9711 /* ViewController.swift */; };
		20E6FDCF2858FFFE001A9711 /* Main.storyboard in Resources */ = {isa = PBXBuildFile; fileRef = 20E6FDCD2858FFFE001A9711 /* Main.storyboard */; };
		20E6FDD128590002001A9711 /* Assets.xcassets in Resources */ = {isa = PBXBuildFile; fileRef = 20E6FDD028590002001A9711 /* Assets.xcassets */; };
		20E6FDD428590002001A9711 /* LaunchScreen.storyboard in Resources */ = {isa = PBXBuildFile; fileRef = 20E6FDD228590002001A9711 /* LaunchScreen.storyboard */; };
		20E6FDDD28590758001A9711 /* ViewModel.swift in Sources */ = {isa = PBXBuildFile; fileRef = 20E6FDDC28590758001A9711 /* ViewModel.swift */; };
		20E6FDE1285907A8001A9711 /* MovieListModel.swift in Sources */ = {isa = PBXBuildFile; fileRef = 20E6FDE0285907A8001A9711 /* MovieListModel.swift */; };
		20E6FDE9285911E5001A9711 /* MovieCVCell.swift in Sources */ = {isa = PBXBuildFile; fileRef = 20E6FDE8285911E4001A9711 /* MovieCVCell.swift */; };
		7B66E14858E6E7DFA6BF3F86 /* Pods_MovieApp.framework in Frameworks */ = {isa = PBXBuildFile; fileRef = 2860D5E9B0D12C0D7A91EF50 /* Pods_MovieApp.framework */; };
/* End PBXBuildFile section */

/* Begin PBXFileReference section */
		06EBF7135C62EBE9880C3854 /* Pods-MovieApp.debug.xcconfig */ = {isa = PBXFileReference; includeInIndex = 1; lastKnownFileType = text.xcconfig; name = "Pods-MovieApp.debug.xcconfig"; path = "Target Support Files/Pods-MovieApp/Pods-MovieApp.debug.xcconfig"; sourceTree = "<group>"; };
		20D317C92859DB7600643CAC /* ServiceRequest.swift */ = {isa = PBXFileReference; fileEncoding = 4; lastKnownFileType = sourcecode.swift; path = ServiceRequest.swift; sourceTree = "<group>"; };
		20D317CA2859DB7600643CAC /* Environment.swift */ = {isa = PBXFileReference; fileEncoding = 4; lastKnownFileType = sourcecode.swift; path = Environment.swift; sourceTree = "<group>"; };
		20E6FDC42858FFFE001A9711 /* MovieApp.app */ = {isa = PBXFileReference; explicitFileType = wrapper.application; includeInIndex = 0; path = MovieApp.app; sourceTree = BUILT_PRODUCTS_DIR; };
		20E6FDC72858FFFE001A9711 /* AppDelegate.swift */ = {isa = PBXFileReference; lastKnownFileType = sourcecode.swift; path = AppDelegate.swift; sourceTree = "<group>"; };
		20E6FDC92858FFFE001A9711 /* SceneDelegate.swift */ = {isa = PBXFileReference; lastKnownFileType = sourcecode.swift; path = SceneDelegate.swift; sourceTree = "<group>"; };
		20E6FDCB2858FFFE001A9711 /* ViewController.swift */ = {isa = PBXFileReference; lastKnownFileType = sourcecode.swift; path = ViewController.swift; sourceTree = "<group>"; };
		20E6FDCE2858FFFE001A9711 /* Base */ = {isa = PBXFileReference; lastKnownFileType = file.storyboard; name = Base; path = Base.lproj/Main.storyboard; sourceTree = "<group>"; };
		20E6FDD028590002001A9711 /* Assets.xcassets */ = {isa = PBXFileReference; lastKnownFileType = folder.assetcatalog; path = Assets.xcassets; sourceTree = "<group>"; };
		20E6FDD328590002001A9711 /* Base */ = {isa = PBXFileReference; lastKnownFileType = file.storyboard; name = Base; path = Base.lproj/LaunchScreen.storyboard; sourceTree = "<group>"; };
		20E6FDD528590002001A9711 /* Info.plist */ = {isa = PBXFileReference; lastKnownFileType = text.plist.xml; path = Info.plist; sourceTree = "<group>"; };
		20E6FDDC28590758001A9711 /* ViewModel.swift */ = {isa = PBXFileReference; lastKnownFileType = sourcecode.swift; path = ViewModel.swift; sourceTree = "<group>"; };
		20E6FDE0285907A8001A9711 /* MovieListModel.swift */ = {isa = PBXFileReference; lastKnownFileType = sourcecode.swift; path = MovieListModel.swift; sourceTree = "<group>"; };
		20E6FDE8285911E4001A9711 /* MovieCVCell.swift */ = {isa = PBXFileReference; lastKnownFileType = sourcecode.swift; path = MovieCVCell.swift; sourceTree = "<group>"; };
		2860D5E9B0D12C0D7A91EF50 /* Pods_MovieApp.framework */ = {isa = PBXFileReference; explicitFileType = wrapper.framework; includeInIndex = 0; path = Pods_MovieApp.framework; sourceTree = BUILT_PRODUCTS_DIR; };
		FE809012886B36422AA4E2FB /* Pods-MovieApp.release.xcconfig */ = {isa = PBXFileReference; includeInIndex = 1; lastKnownFileType = text.xcconfig; name = "Pods-MovieApp.release.xcconfig"; path = "Target Support Files/Pods-MovieApp/Pods-MovieApp.release.xcconfig"; sourceTree = "<group>"; };
/* End PBXFileReference section */

/* Begin PBXFrameworksBuildPhase section */
		20E6FDC12858FFFE001A9711 /* Frameworks */ = {
			isa = PBXFrameworksBuildPhase;
			buildActionMask = 2147483647;
			files = (
				7B66E14858E6E7DFA6BF3F86 /* Pods_MovieApp.framework in Frameworks */,
			);
			runOnlyForDeploymentPostprocessing = 0;
		};
/* End PBXFrameworksBuildPhase section */

/* Begin PBXGroup section */
		20E6FDBB2858FFFD001A9711 = {
			isa = PBXGroup;
			children = (
				20E6FDC62858FFFE001A9711 /* MovieApp */,
				20E6FDC52858FFFE001A9711 /* Products */,
				36945DA0C5AD9AAE81D612C5 /* Pods */,
				D774A6D3DBB81080C4A94B5B /* Frameworks */,
			);
			sourceTree = "<group>";
		};
		20E6FDC52858FFFE001A9711 /* Products */ = {
			isa = PBXGroup;
			children = (
				20E6FDC42858FFFE001A9711 /* MovieApp.app */,
			);
			name = Products;
			sourceTree = "<group>";
		};
		20E6FDC62858FFFE001A9711 /* MovieApp */ = {
			isa = PBXGroup;
			children = (
				20E6FDC72858FFFE001A9711 /* AppDelegate.swift */,
				20E6FDC92858FFFE001A9711 /* SceneDelegate.swift */,
				20E6FDDF2859079E001A9711 /* Models */,
				20E6FDDE2859075C001A9711 /* ViewModels */,
				20E6FDDB28590745001A9711 /* Controllers */,
				20E6FDE428590B36001A9711 /* WebService */,
				20E6FDE7285911B7001A9711 /* Cell */,
				20E6FDCD2858FFFE001A9711 /* Main.storyboard */,
				20E6FDD028590002001A9711 /* Assets.xcassets */,
				20E6FDD228590002001A9711 /* LaunchScreen.storyboard */,
				20E6FDD528590002001A9711 /* Info.plist */,
			);
			path = MovieApp;
			sourceTree = "<group>";
		};
		20E6FDDB28590745001A9711 /* Controllers */ = {
			isa = PBXGroup;
			children = (
				20E6FDCB2858FFFE001A9711 /* ViewController.swift */,
			);
			path = Controllers;
			sourceTree = "<group>";
		};
		20E6FDDE2859075C001A9711 /* ViewModels */ = {
			isa = PBXGroup;
			children = (
				20E6FDDC28590758001A9711 /* ViewModel.swift */,
			);
			path = ViewModels;
			sourceTree = "<group>";
		};
		20E6FDDF2859079E001A9711 /* Models */ = {
			isa = PBXGroup;
			children = (
				20E6FDE0285907A8001A9711 /* MovieListModel.swift */,
			);
			path = Models;
			sourceTree = "<group>";
		};
		20E6FDE428590B36001A9711 /* WebService */ = {
			isa = PBXGroup;
			children = (
				20D317CA2859DB7600643CAC /* Environment.swift */,
				20D317C92859DB7600643CAC /* ServiceRequest.swift */,
			);
			path = WebService;
			sourceTree = "<group>";
		};
		20E6FDE7285911B7001A9711 /* Cell */ = {
			isa = PBXGroup;
			children = (
				20E6FDE8285911E4001A9711 /* MovieCVCell.swift */,
			);
			path = Cell;
			sourceTree = "<group>";
		};
		36945DA0C5AD9AAE81D612C5 /* Pods */ = {
			isa = PBXGroup;
			children = (
				06EBF7135C62EBE9880C3854 /* Pods-MovieApp.debug.xcconfig */,
				FE809012886B36422AA4E2FB /* Pods-MovieApp.release.xcconfig */,
			);
			path = Pods;
			sourceTree = "<group>";
		};
		D774A6D3DBB81080C4A94B5B /* Frameworks */ = {
			isa = PBXGroup;
			children = (
				2860D5E9B0D12C0D7A91EF50 /* Pods_MovieApp.framework */,
			);
			name = Frameworks;
			sourceTree = "<group>";
		};
/* End PBXGroup section */

/* Begin PBXNativeTarget section */
		20E6FDC32858FFFE001A9711 /* MovieApp */ = {
			isa = PBXNativeTarget;
			buildConfigurationList = 20E6FDD828590002001A9711 /* Build configuration list for PBXNativeTarget "MovieApp" */;
			buildPhases = (
				2DCC4BA595B4F22FD79F7813 /* [CP] Check Pods Manifest.lock */,
				20E6FDC02858FFFE001A9711 /* Sources */,
				20E6FDC12858FFFE001A9711 /* Frameworks */,
				20E6FDC22858FFFE001A9711 /* Resources */,
				249BCBF382C7F221200C6F88 /* [CP] Embed Pods Frameworks */,
			);
			buildRules = (
			);
			dependencies = (
			);
			name = MovieApp;
			productName = MovieApp;
			productReference = 20E6FDC42858FFFE001A9711 /* MovieApp.app */;
			productType = "com.apple.product-type.application";
		};
/* End PBXNativeTarget section */

/* Begin PBXProject section */
		20E6FDBC2858FFFD001A9711 /* Project object */ = {
			isa = PBXProject;
			attributes = {
				BuildIndependentTargetsInParallel = 1;
				LastSwiftUpdateCheck = 1320;
				LastUpgradeCheck = 1320;
				TargetAttributes = {
					20E6FDC32858FFFE001A9711 = {
						CreatedOnToolsVersion = 13.2.1;
					};
				};
			};
			buildConfigurationList = 20E6FDBF2858FFFD001A9711 /* Build configuration list for PBXProject "MovieApp" */;
			compatibilityVersion = "Xcode 13.0";
			developmentRegion = en;
			hasScannedForEncodings = 0;
			knownRegions = (
				en,
				Base,
			);
			mainGroup = 20E6FDBB2858FFFD001A9711;
			productRefGroup = 20E6FDC52858FFFE001A9711 /* Products */;
			projectDirPath = "";
			projectRoot = "";
			targets = (
				20E6FDC32858FFFE001A9711 /* MovieApp */,
			);
		};
/* End PBXProject section */

/* Begin PBXResourcesBuildPhase section */
		20E6FDC22858FFFE001A9711 /* Resources */ = {
			isa = PBXResourcesBuildPhase;
			buildActionMask = 2147483647;
			files = (
				20E6FDD428590002001A9711 /* LaunchScreen.storyboard in Resources */,
				20E6FDD128590002001A9711 /* Assets.xcassets in Resources */,
				20E6FDCF2858FFFE001A9711 /* Main.storyboard in Resources */,
			);
			runOnlyForDeploymentPostprocessing = 0;
		};
/* End PBXResourcesBuildPhase section */

/* Begin PBXShellScriptBuildPhase section */
		249BCBF382C7F221200C6F88 /* [CP] Embed Pods Frameworks */ = {
			isa = PBXShellScriptBuildPhase;
			buildActionMask = 2147483647;
			files = (
			);
			inputFileListPaths = (
				"${PODS_ROOT}/Target Support Files/Pods-MovieApp/Pods-MovieApp-frameworks-${CONFIGURATION}-input-files.xcfilelist",
			);
			name = "[CP] Embed Pods Frameworks";
			outputFileListPaths = (
				"${PODS_ROOT}/Target Support Files/Pods-MovieApp/Pods-MovieApp-frameworks-${CONFIGURATION}-output-files.xcfilelist",
			);
			runOnlyForDeploymentPostprocessing = 0;
			shellPath = /bin/sh;
			shellScript = "\"${PODS_ROOT}/Target Support Files/Pods-MovieApp/Pods-MovieApp-frameworks.sh\"\n";
			showEnvVarsInLog = 0;
		};
		2DCC4BA595B4F22FD79F7813 /* [CP] Check Pods Manifest.lock */ = {
			isa = PBXShellScriptBuildPhase;
			buildActionMask = 2147483647;
			files = (
			);
			inputFileListPaths = (
			);
			inputPaths = (
				"${PODS_PODFILE_DIR_PATH}/Podfile.lock",
				"${PODS_ROOT}/Manifest.lock",
			);
			name = "[CP] Check Pods Manifest.lock";
			outputFileListPaths = (
			);
			outputPaths = (
				"$(DERIVED_FILE_DIR)/Pods-MovieApp-checkManifestLockResult.txt",
			);
			runOnlyForDeploymentPostprocessing = 0;
			shellPath = /bin/sh;
			shellScript = "diff \"${PODS_PODFILE_DIR_PATH}/Podfile.lock\" \"${PODS_ROOT}/Manifest.lock\" > /dev/null\nif [ $? != 0 ] ; then\n    # print error to STDERR\n    echo \"error: The sandbox is not in sync with the Podfile.lock. Run 'pod install' or update your CocoaPods installation.\" >&2\n    exit 1\nfi\n# This output is used by Xcode 'outputs' to avoid re-running this script phase.\necho \"SUCCESS\" > \"${SCRIPT_OUTPUT_FILE_0}\"\n";
			showEnvVarsInLog = 0;
		};
/* End PBXShellScriptBuildPhase section */

/* Begin PBXSourcesBuildPhase section */
		20E6FDC02858FFFE001A9711 /* Sources */ = {
			isa = PBXSourcesBuildPhase;
			buildActionMask = 2147483647;
			files = (
				20D317CB2859DB7600643CAC /* ServiceRequest.swift in Sources */,
				20E6FDCC2858FFFE001A9711 /* ViewController.swift in Sources */,
				20E6FDC82858FFFE001A9711 /* AppDelegate.swift in Sources */,
				20D317CC2859DB7600643CAC /* Environment.swift in Sources */,
				20E6FDDD28590758001A9711 /* ViewModel.swift in Sources */,
				20E6FDCA2858FFFE001A9711 /* SceneDelegate.swift in Sources */,
				20E6FDE1285907A8001A9711 /* MovieListModel.swift in Sources */,
				20E6FDE9285911E5001A9711 /* MovieCVCell.swift in Sources */,
			);
			runOnlyForDeploymentPostprocessing = 0;
		};
/* End PBXSourcesBuildPhase section */

/* Begin PBXVariantGroup section */
		20E6FDCD2858FFFE001A9711 /* Main.storyboard */ = {
			isa = PBXVariantGroup;
			children = (
				20E6FDCE2858FFFE001A9711 /* Base */,
			);
			name = Main.storyboard;
			sourceTree = "<group>";
		};
		20E6FDD228590002001A9711 /* LaunchScreen.storyboard */ = {
			isa = PBXVariantGroup;
			children = (
				20E6FDD328590002001A9711 /* Base */,
			);
			name = LaunchScreen.storyboard;
			sourceTree = "<group>";
		};
/* End PBXVariantGroup section */

/* Begin XCBuildConfiguration section */
		20E6FDD628590002001A9711 /* Debug */ = {
			isa = XCBuildConfiguration;
			buildSettings = {
				ALWAYS_SEARCH_USER_PATHS = NO;
				CLANG_ANALYZER_NONNULL = YES;
				CLANG_ANALYZER_NUMBER_OBJECT_CONVERSION = YES_AGGRESSIVE;
				CLANG_CXX_LANGUAGE_STANDARD = "gnu++17";
				CLANG_CXX_LIBRARY = "libc++";
				CLANG_ENABLE_MODULES = YES;
				CLANG_ENABLE_OBJC_ARC = YES;
				CLANG_ENABLE_OBJC_WEAK = YES;
				CLANG_WARN_BLOCK_CAPTURE_AUTORELEASING = YES;
				CLANG_WARN_BOOL_CONVERSION = YES;
				CLANG_WARN_COMMA = YES;
				CLANG_WARN_CONSTANT_CONVERSION = YES;
				CLANG_WARN_DEPRECATED_OBJC_IMPLEMENTATIONS = YES;
				CLANG_WARN_DIRECT_OBJC_ISA_USAGE = YES_ERROR;
				CLANG_WARN_DOCUMENTATION_COMMENTS = YES;
				CLANG_WARN_EMPTY_BODY = YES;
				CLANG_WARN_ENUM_CONVERSION = YES;
				CLANG_WARN_INFINITE_RECURSION = YES;
				CLANG_WARN_INT_CONVERSION = YES;
				CLANG_WARN_NON_LITERAL_NULL_CONVERSION = YES;
				CLANG_WARN_OBJC_IMPLICIT_RETAIN_SELF = YES;
				CLANG_WARN_OBJC_LITERAL_CONVERSION = YES;
				CLANG_WARN_OBJC_ROOT_CLASS = YES_ERROR;
				CLANG_WARN_QUOTED_INCLUDE_IN_FRAMEWORK_HEADER = YES;
				CLANG_WARN_RANGE_LOOP_ANALYSIS = YES;
				CLANG_WARN_STRICT_PROTOTYPES = YES;
				CLANG_WARN_SUSPICIOUS_MOVE = YES;
				CLANG_WARN_UNGUARDED_AVAILABILITY = YES_AGGRESSIVE;
				CLANG_WARN_UNREACHABLE_CODE = YES;
				CLANG_WARN__DUPLICATE_METHOD_MATCH = YES;
				COPY_PHASE_STRIP = NO;
				DEBUG_INFORMATION_FORMAT = dwarf;
				ENABLE_STRICT_OBJC_MSGSEND = YES;
				ENABLE_TESTABILITY = YES;
				GCC_C_LANGUAGE_STANDARD = gnu11;
				GCC_DYNAMIC_NO_PIC = NO;
				GCC_NO_COMMON_BLOCKS = YES;
				GCC_OPTIMIZATION_LEVEL = 0;
				GCC_PREPROCESSOR_DEFINITIONS = (
					"DEBUG=1",
					"$(inherited)",
				);
				GCC_WARN_64_TO_32_BIT_CONVERSION = YES;
				GCC_WARN_ABOUT_RETURN_TYPE = YES_ERROR;
				GCC_WARN_UNDECLARED_SELECTOR = YES;
				GCC_WARN_UNINITIALIZED_AUTOS = YES_AGGRESSIVE;
				GCC_WARN_UNUSED_FUNCTION = YES;
				GCC_WARN_UNUSED_VARIABLE = YES;
				IPHONEOS_DEPLOYMENT_TARGET = 15.2;
				MTL_ENABLE_DEBUG_INFO = INCLUDE_SOURCE;
				MTL_FAST_MATH = YES;
				ONLY_ACTIVE_ARCH = YES;
				SDKROOT = iphoneos;
				SWIFT_ACTIVE_COMPILATION_CONDITIONS = DEBUG;
				SWIFT_OPTIMIZATION_LEVEL = "-Onone";
			};
			name = Debug;
		};
		20E6FDD728590002001A9711 /* Release */ = {
			isa = XCBuildConfiguration;
			buildSettings = {
				ALWAYS_SEARCH_USER_PATHS = NO;
				CLANG_ANALYZER_NONNULL = YES;
				CLANG_ANALYZER_NUMBER_OBJECT_CONVERSION = YES_AGGRESSIVE;
				CLANG_CXX_LANGUAGE_STANDARD = "gnu++17";
				CLANG_CXX_LIBRARY = "libc++";
				CLANG_ENABLE_MODULES = YES;
				CLANG_ENABLE_OBJC_ARC = YES;
				CLANG_ENABLE_OBJC_WEAK = YES;
				CLANG_WARN_BLOCK_CAPTURE_AUTORELEASING = YES;
				CLANG_WARN_BOOL_CONVERSION = YES;
				CLANG_WARN_COMMA = YES;
				CLANG_WARN_CONSTANT_CONVERSION = YES;
				CLANG_WARN_DEPRECATED_OBJC_IMPLEMENTATIONS = YES;
				CLANG_WARN_DIRECT_OBJC_ISA_USAGE = YES_ERROR;
				CLANG_WARN_DOCUMENTATION_COMMENTS = YES;
				CLANG_WARN_EMPTY_BODY = YES;
				CLANG_WARN_ENUM_CONVERSION = YES;
				CLANG_WARN_INFINITE_RECURSION = YES;
				CLANG_WARN_INT_CONVERSION = YES;
				CLANG_WARN_NON_LITERAL_NULL_CONVERSION = YES;
				CLANG_WARN_OBJC_IMPLICIT_RETAIN_SELF = YES;
				CLANG_WARN_OBJC_LITERAL_CONVERSION = YES;
				CLANG_WARN_OBJC_ROOT_CLASS = YES_ERROR;
				CLANG_WARN_QUOTED_INCLUDE_IN_FRAMEWORK_HEADER = YES;
				CLANG_WARN_RANGE_LOOP_ANALYSIS = YES;
				CLANG_WARN_STRICT_PROTOTYPES = YES;
				CLANG_WARN_SUSPICIOUS_MOVE = YES;
				CLANG_WARN_UNGUARDED_AVAILABILITY = YES_AGGRESSIVE;
				CLANG_WARN_UNREACHABLE_CODE = YES;
				CLANG_WARN__DUPLICATE_METHOD_MATCH = YES;
				COPY_PHASE_STRIP = NO;
				DEBUG_INFORMATION_FORMAT = "dwarf-with-dsym";
				ENABLE_NS_ASSERTIONS = NO;
				ENABLE_STRICT_OBJC_MSGSEND = YES;
				GCC_C_LANGUAGE_STANDARD = gnu11;
				GCC_NO_COMMON_BLOCKS = YES;
				GCC_WARN_64_TO_32_BIT_CONVERSION = YES;
				GCC_WARN_ABOUT_RETURN_TYPE = YES_ERROR;
				GCC_WARN_UNDECLARED_SELECTOR = YES;
				GCC_WARN_UNINITIALIZED_AUTOS = YES_AGGRESSIVE;
				GCC_WARN_UNUSED_FUNCTION = YES;
				GCC_WARN_UNUSED_VARIABLE = YES;
				IPHONEOS_DEPLOYMENT_TARGET = 15.2;
				MTL_ENABLE_DEBUG_INFO = NO;
				MTL_FAST_MATH = YES;
				SDKROOT = iphoneos;
				SWIFT_COMPILATION_MODE = wholemodule;
				SWIFT_OPTIMIZATION_LEVEL = "-O";
				VALIDATE_PRODUCT = YES;
			};
			name = Release;
		};
		20E6FDD928590002001A9711 /* Debug */ = {
			isa = XCBuildConfiguration;
			baseConfigurationReference = 06EBF7135C62EBE9880C3854 /* Pods-MovieApp.debug.xcconfig */;
			buildSettings = {
				ASSETCATALOG_COMPILER_APPICON_NAME = AppIcon;
				ASSETCATALOG_COMPILER_GLOBAL_ACCENT_COLOR_NAME = AccentColor;
				CODE_SIGN_STYLE = Automatic;
				CURRENT_PROJECT_VERSION = 1;
				GENERATE_INFOPLIST_FILE = YES;
				INFOPLIST_FILE = MovieApp/Info.plist;
				INFOPLIST_KEY_UIApplicationSupportsIndirectInputEvents = YES;
				INFOPLIST_KEY_UILaunchStoryboardName = LaunchScreen;
				INFOPLIST_KEY_UIMainStoryboardFile = Main;
				INFOPLIST_KEY_UISupportedInterfaceOrientations_iPad = "UIInterfaceOrientationPortrait UIInterfaceOrientationPortraitUpsideDown UIInterfaceOrientationLandscapeLeft UIInterfaceOrientationLandscapeRight";
				INFOPLIST_KEY_UISupportedInterfaceOrientations_iPhone = "UIInterfaceOrientationPortrait UIInterfaceOrientationLandscapeLeft UIInterfaceOrientationLandscapeRight";
				LD_RUNPATH_SEARCH_PATHS = (
					"$(inherited)",
					"@executable_path/Frameworks",
				);
				MARKETING_VERSION = 1.0;
				PRODUCT_BUNDLE_IDENTIFIER = com.test.demo.MovieApp;
				PRODUCT_NAME = "$(TARGET_NAME)";
				SWIFT_EMIT_LOC_STRINGS = YES;
				SWIFT_VERSION = 5.0;
				TARGETED_DEVICE_FAMILY = "1,2";
			};
			name = Debug;
		};
		20E6FDDA28590002001A9711 /* Release */ = {
			isa = XCBuildConfiguration;
			baseConfigurationReference = FE809012886B36422AA4E2FB /* Pods-MovieApp.release.xcconfig */;
			buildSettings = {
				ASSETCATALOG_COMPILER_APPICON_NAME = AppIcon;
				ASSETCATALOG_COMPILER_GLOBAL_ACCENT_COLOR_NAME = AccentColor;
				CODE_SIGN_STYLE = Automatic;
				CURRENT_PROJECT_VERSION = 1;
				GENERATE_INFOPLIST_FILE = YES;
				INFOPLIST_FILE = MovieApp/Info.plist;
				INFOPLIST_KEY_UIApplicationSupportsIndirectInputEvents = YES;
				INFOPLIST_KEY_UILaunchStoryboardName = LaunchScreen;
				INFOPLIST_KEY_UIMainStoryboardFile = Main;
				INFOPLIST_KEY_UISupportedInterfaceOrientations_iPad = "UIInterfaceOrientationPortrait UIInterfaceOrientationPortraitUpsideDown UIInterfaceOrientationLandscapeLeft UIInterfaceOrientationLandscapeRight";
				INFOPLIST_KEY_UISupportedInterfaceOrientations_iPhone = "UIInterfaceOrientationPortrait UIInterfaceOrientationLandscapeLeft UIInterfaceOrientationLandscapeRight";
				LD_RUNPATH_SEARCH_PATHS = (
					"$(inherited)",
					"@executable_path/Frameworks",
				);
				MARKETING_VERSION = 1.0;
				PRODUCT_BUNDLE_IDENTIFIER = com.test.demo.MovieApp;
				PRODUCT_NAME = "$(TARGET_NAME)";
				SWIFT_EMIT_LOC_STRINGS = YES;
				SWIFT_VERSION = 5.0;
				TARGETED_DEVICE_FAMILY = "1,2";
			};
			name = Release;
		};
/* End XCBuildConfiguration section */

/* Begin XCConfigurationList section */
		20E6FDBF2858FFFD001A9711 /* Build configuration list for PBXProject "MovieApp" */ = {
			isa = XCConfigurationList;
			buildConfigurations = (
				20E6FDD628590002001A9711 /* Debug */,
				20E6FDD728590002001A9711 /* Release */,
			);
			defaultConfigurationIsVisible = 0;
			defaultConfigurationName = Release;
		};
		20E6FDD828590002001A9711 /* Build configuration list for PBXNativeTarget "MovieApp" */ = {
			isa = XCConfigurationList;
			buildConfigurations = (
				20E6FDD928590002001A9711 /* Debug */,
				20E6FDDA28590002001A9711 /* Release */,
			);
			defaultConfigurationIsVisible = 0;
			defaultConfigurationName = Release;
		};
/* End XCConfigurationList section */
	};
	rootObject = 20E6FDBC2858FFFD001A9711 /* Project object */;
}
